FORGE
  remote: http://forge.puppetlabs.com
  specs:
    example42/puppi (2.1.11)

GIT
  remote: git://github.com/example42/puppet-elasticsearch.git
  ref: master
  sha: 59277afc0e648210bd71f4fa137e266324d61e1a
  specs:
    elasticsearch (0.0.1)

GIT
  remote: git://github.com/example42/puppet-git.git
  ref: v2.0.15
  sha: db732879d3619ef33fb2c04ab6dd1626b399db21
  specs:
    git (2.0.14)
      example42/puppi (>= 2.0.0)

GIT
  remote: git://github.com/example42/puppet-java.git
  ref: master
  sha: c7aa310aaefe9dc793444511afdf0fe5c3ee528f
  specs:
    java (0.0.1)

GIT
  remote: git://github.com/example42/puppet-timezone.git
  ref: master
  sha: 4c9f285c30e40fa219a9e03b400079aac88db075
  specs:
    timezone (2.0.10)
      example42/puppi (>= 2.0.0)

DEPENDENCIES
  elasticsearch (>= 0)
  git (>= 0)
  java (>= 0)
  timezone (>= 0)

